
Microsoft Visual Studio Solution File, Format Version 12.00
# Visual Studio Version 17
VisualStudioVersion = 17.7.34024.191
MinimumVisualStudioVersion = 10.0.40219.1
Project("{9A19103F-16F7-4668-BE54-9A1E7A4F7556}") = "HockeyData", "HockeyData\HockeyData.csproj", "{E98468D3-CB3D-4546-934E-2FAC2701FBEC}"
EndProject
Project("{9A19103F-16F7-4668-BE54-9A1E7A4F7556}") = "Utilities", "Utilities\Utilities.csproj", "{8D0EBC04-FA89-4273-8DC6-249ACB2CA599}"
EndProject
Project("{9A19103F-16F7-4668-BE54-9A1E7A4F7556}") = "HockeyConsoleApp", "HockeyConsoleApp\HockeyConsoleApp.csproj", "{170D3FC6-B66C-459D-9A66-C3ABE2FDD8CC}"
EndProject
Project("{9A19103F-16F7-4668-BE54-9A1E7A4F7556}") = "HockeyTestProject", "HockeyTestProject\HockeyTestProject.csproj", "{E236D596-6647-4FDC-9CA1-9038386A5A14}"
EndProject
Project("{9A19103F-16F7-4668-BE54-9A1E7A4F7556}") = "UtilitiesTestProject", "UtilitiesTestProject\UtilitiesTestProject.csproj", "{7FEEE3F7-4016-45A3-9B02-7D1BC668C5AD}"
EndProject
Project("{9A19103F-16F7-4668-BE54-9A1E7A4F7556}") = "ObjectClassLibrary", "ObjectClassLibrary\ObjectClassLibrary.csproj", "{DF445B2E-2B81-4AD3-813E-154D8C4F1E99}"
EndProject
Project("{9A19103F-16F7-4668-BE54-9A1E7A4F7556}") = "ObjectClassLibraryTest", "ObjectClassLibraryTest\ObjectClassLibraryTest.csproj", "{75A0147E-D769-4C2E-A5FE-A2365E6775E1}"
EndProject
Project("{FAE04EC0-301F-11D3-BF4B-00C04F79EFBC}") = "BlazorSampleApp", "BlazorSampleApp\BlazorSampleApp.csproj", "{242D82DB-8EB8-40FC-AAB7-43FBE93BB29F}"
EndProject
Global
	GlobalSection(SolutionConfigurationPlatforms) = preSolution
		Debug|Any CPU = Debug|Any CPU
		Release|Any CPU = Release|Any CPU
	EndGlobalSection
	GlobalSection(ProjectConfigurationPlatforms) = postSolution
		{E98468D3-CB3D-4546-934E-2FAC2701FBEC}.Debug|Any CPU.ActiveCfg = Debug|Any CPU
		{E98468D3-CB3D-4546-934E-2FAC2701FBEC}.Debug|Any CPU.Build.0 = Debug|Any CPU
		{E98468D3-CB3D-4546-934E-2FAC2701FBEC}.Release|Any CPU.ActiveCfg = Release|Any CPU
		{E98468D3-CB3D-4546-934E-2FAC2701FBEC}.Release|Any CPU.Build.0 = Release|Any CPU
		{8D0EBC04-FA89-4273-8DC6-249ACB2CA599}.Debug|Any CPU.ActiveCfg = Debug|Any CPU
		{8D0EBC04-FA89-4273-8DC6-249ACB2CA599}.Debug|Any CPU.Build.0 = Debug|Any CPU
		{8D0EBC04-FA89-4273-8DC6-249ACB2CA599}.Release|Any CPU.ActiveCfg = Release|Any CPU
		{8D0EBC04-FA89-4273-8DC6-249ACB2CA599}.Release|Any CPU.Build.0 = Release|Any CPU
		{170D3FC6-B66C-459D-9A66-C3ABE2FDD8CC}.Debug|Any CPU.ActiveCfg = Debug|Any CPU
		{170D3FC6-B66C-459D-9A66-C3ABE2FDD8CC}.Debug|Any CPU.Build.0 = Debug|Any CPU
		{170D3FC6-B66C-459D-9A66-C3ABE2FDD8CC}.Release|Any CPU.ActiveCfg = Release|Any CPU
		{170D3FC6-B66C-459D-9A66-C3ABE2FDD8CC}.Release|Any CPU.Build.0 = Release|Any CPU
		{E236D596-6647-4FDC-9CA1-9038386A5A14}.Debug|Any CPU.ActiveCfg = Debug|Any CPU
		{E236D596-6647-4FDC-9CA1-9038386A5A14}.Debug|Any CPU.Build.0 = Debug|Any CPU
		{E236D596-6647-4FDC-9CA1-9038386A5A14}.Release|Any CPU.ActiveCfg = Release|Any CPU
		{E236D596-6647-4FDC-9CA1-9038386A5A14}.Release|Any CPU.Build.0 = Release|Any CPU
		{7FEEE3F7-4016-45A3-9B02-7D1BC668C5AD}.Debug|Any CPU.ActiveCfg = Debug|Any CPU
		{7FEEE3F7-4016-45A3-9B02-7D1BC668C5AD}.Debug|Any CPU.Build.0 = Debug|Any CPU
		{7FEEE3F7-4016-45A3-9B02-7D1BC668C5AD}.Release|Any CPU.ActiveCfg = Release|Any CPU
		{7FEEE3F7-4016-45A3-9B02-7D1BC668C5AD}.Release|Any CPU.Build.0 = Release|Any CPU
		{DF445B2E-2B81-4AD3-813E-154D8C4F1E99}.Debug|Any CPU.ActiveCfg = Debug|Any CPU
		{DF445B2E-2B81-4AD3-813E-154D8C4F1E99}.Debug|Any CPU.Build.0 = Debug|Any CPU
		{DF445B2E-2B81-4AD3-813E-154D8C4F1E99}.Release|Any CPU.ActiveCfg = Release|Any CPU
		{DF445B2E-2B81-4AD3-813E-154D8C4F1E99}.Release|Any CPU.Build.0 = Release|Any CPU
		{75A0147E-D769-4C2E-A5FE-A2365E6775E1}.Debug|Any CPU.ActiveCfg = Debug|Any CPU
		{75A0147E-D769-4C2E-A5FE-A2365E6775E1}.Debug|Any CPU.Build.0 = Debug|Any CPU
		{75A0147E-D769-4C2E-A5FE-A2365E6775E1}.Release|Any CPU.ActiveCfg = Release|Any CPU
		{75A0147E-D769-4C2E-A5FE-A2365E6775E1}.Release|Any CPU.Build.0 = Release|Any CPU
		{242D82DB-8EB8-40FC-AAB7-43FBE93BB29F}.Debug|Any CPU.ActiveCfg = Debug|Any CPU
		{242D82DB-8EB8-40FC-AAB7-43FBE93BB29F}.Debug|Any CPU.Build.0 = Debug|Any CPU
		{242D82DB-8EB8-40FC-AAB7-43FBE93BB29F}.Release|Any CPU.ActiveCfg = Release|Any CPU
		{242D82DB-8EB8-40FC-AAB7-43FBE93BB29F}.Release|Any CPU.Build.0 = Release|Any CPU
	EndGlobalSection
	GlobalSection(SolutionProperties) = preSolution
		HideSolutionNode = FALSE
	EndGlobalSection
	GlobalSection(ExtensibilityGlobals) = postSolution
		SolutionGuid = {9B888037-9A07-478C-AC5D-AEA4AC1138C2}
	EndGlobalSection
EndGlobal
